
Microsoft Visual Studio Solution File, Format Version 12.00
# Visual Studio 15
VisualStudioVersion = 15.0.27130.2010
MinimumVisualStudioVersion = 10.0.40219.1
Project("{9A19103F-16F7-4668-BE54-9A1E7A4F7556}") = "Exercicie1", "Exercicie1\Exercicie1.csproj", "{A3D74B21-CC84-460B-B12E-E89A82E33F8E}"
EndProject
Project("{2150E333-8FDC-42A3-9474-1A3956D46DE8}") = "LINQ", "LINQ", "{EB555ECE-28F9-458B-A301-FB87E23E5914}"
EndProject
Project("{2150E333-8FDC-42A3-9474-1A3956D46DE8}") = "RHApp", "RHApp", "{A05EDBC6-7AA6-41DB-8A0C-8D4C2207BC8F}"
EndProject
Project("{9A19103F-16F7-4668-BE54-9A1E7A4F7556}") = "RH.Domain", "Exercicie3\RH.Domain\RH.Domain.csproj", "{008D4981-A72B-4BF5-B16C-C02B9713657D}"
EndProject
Project("{9A19103F-16F7-4668-BE54-9A1E7A4F7556}") = "RH.Infrastructure", "Exercicie3\RH.Infrastructure\RH.Infrastructure.csproj", "{CCAE6B76-8F11-4189-8148-4E3C7DE06BE1}"
EndProject
Project("{9A19103F-16F7-4668-BE54-9A1E7A4F7556}") = "RH.Api", "Exercicie3\RH.Api\RH.Api.csproj", "{01912D8C-D9FB-49F7-849E-84BDC4184E71}"
EndProject
Project("{9A19103F-16F7-4668-BE54-9A1E7A4F7556}") = "RH.Tests", "Exercicie3\RH.Tests\RH.Tests.csproj", "{26CE7146-2FE0-4FDB-8259-A91E3594E30C}"
EndProject
Global
	GlobalSection(SolutionConfigurationPlatforms) = preSolution
		Debug|Any CPU = Debug|Any CPU
		Release|Any CPU = Release|Any CPU
	EndGlobalSection
	GlobalSection(ProjectConfigurationPlatforms) = postSolution
		{A3D74B21-CC84-460B-B12E-E89A82E33F8E}.Debug|Any CPU.ActiveCfg = Debug|Any CPU
		{A3D74B21-CC84-460B-B12E-E89A82E33F8E}.Debug|Any CPU.Build.0 = Debug|Any CPU
		{A3D74B21-CC84-460B-B12E-E89A82E33F8E}.Release|Any CPU.ActiveCfg = Release|Any CPU
		{A3D74B21-CC84-460B-B12E-E89A82E33F8E}.Release|Any CPU.Build.0 = Release|Any CPU
		{008D4981-A72B-4BF5-B16C-C02B9713657D}.Debug|Any CPU.ActiveCfg = Debug|Any CPU
		{008D4981-A72B-4BF5-B16C-C02B9713657D}.Debug|Any CPU.Build.0 = Debug|Any CPU
		{008D4981-A72B-4BF5-B16C-C02B9713657D}.Release|Any CPU.ActiveCfg = Release|Any CPU
		{008D4981-A72B-4BF5-B16C-C02B9713657D}.Release|Any CPU.Build.0 = Release|Any CPU
		{CCAE6B76-8F11-4189-8148-4E3C7DE06BE1}.Debug|Any CPU.ActiveCfg = Debug|Any CPU
		{CCAE6B76-8F11-4189-8148-4E3C7DE06BE1}.Debug|Any CPU.Build.0 = Debug|Any CPU
		{CCAE6B76-8F11-4189-8148-4E3C7DE06BE1}.Release|Any CPU.ActiveCfg = Release|Any CPU
		{CCAE6B76-8F11-4189-8148-4E3C7DE06BE1}.Release|Any CPU.Build.0 = Release|Any CPU
		{01912D8C-D9FB-49F7-849E-84BDC4184E71}.Debug|Any CPU.ActiveCfg = Debug|Any CPU
		{01912D8C-D9FB-49F7-849E-84BDC4184E71}.Debug|Any CPU.Build.0 = Debug|Any CPU
		{01912D8C-D9FB-49F7-849E-84BDC4184E71}.Release|Any CPU.ActiveCfg = Release|Any CPU
		{01912D8C-D9FB-49F7-849E-84BDC4184E71}.Release|Any CPU.Build.0 = Release|Any CPU
		{26CE7146-2FE0-4FDB-8259-A91E3594E30C}.Debug|Any CPU.ActiveCfg = Debug|Any CPU
		{26CE7146-2FE0-4FDB-8259-A91E3594E30C}.Debug|Any CPU.Build.0 = Debug|Any CPU
		{26CE7146-2FE0-4FDB-8259-A91E3594E30C}.Release|Any CPU.ActiveCfg = Release|Any CPU
		{26CE7146-2FE0-4FDB-8259-A91E3594E30C}.Release|Any CPU.Build.0 = Release|Any CPU
	EndGlobalSection
	GlobalSection(SolutionProperties) = preSolution
		HideSolutionNode = FALSE
	EndGlobalSection
	GlobalSection(NestedProjects) = preSolution
		{A3D74B21-CC84-460B-B12E-E89A82E33F8E} = {EB555ECE-28F9-458B-A301-FB87E23E5914}
		{008D4981-A72B-4BF5-B16C-C02B9713657D} = {A05EDBC6-7AA6-41DB-8A0C-8D4C2207BC8F}
		{CCAE6B76-8F11-4189-8148-4E3C7DE06BE1} = {A05EDBC6-7AA6-41DB-8A0C-8D4C2207BC8F}
		{01912D8C-D9FB-49F7-849E-84BDC4184E71} = {A05EDBC6-7AA6-41DB-8A0C-8D4C2207BC8F}
		{26CE7146-2FE0-4FDB-8259-A91E3594E30C} = {A05EDBC6-7AA6-41DB-8A0C-8D4C2207BC8F}
	EndGlobalSection
	GlobalSection(ExtensibilityGlobals) = postSolution
		SolutionGuid = {A95D3500-5FC7-4651-AA83-9B84C189A798}
	EndGlobalSection
EndGlobal
