
Microsoft Visual Studio Solution File, Format Version 12.00
# Visual Studio 15
VisualStudioVersion = 15.0.27130.2010
MinimumVisualStudioVersion = 10.0.40219.1
Project("{9A19103F-16F7-4668-BE54-9A1E7A4F7556}") = "Exercicie1", "Exercicie1\Exercicie1.csproj", "{A3D74B21-CC84-460B-B12E-E89A82E33F8E}"
EndProject
Project("{2150E333-8FDC-42A3-9474-1A3956D46DE8}") = "LINQ", "LINQ", "{EB555ECE-28F9-458B-A301-FB87E23E5914}"
EndProject
Project("{2150E333-8FDC-42A3-9474-1A3956D46DE8}") = "GitAPI", "GitAPI", "{A05EDBC6-7AA6-41DB-8A0C-8D4C2207BC8F}"
EndProject
Project("{9A19103F-16F7-4668-BE54-9A1E7A4F7556}") = "Git.Infrastructure", "Exercicie2\Git.Infrastructure\Git.Infrastructure.csproj", "{31C20767-D975-4286-A39F-FE4E2D9E4132}"
EndProject
Project("{9A19103F-16F7-4668-BE54-9A1E7A4F7556}") = "Git.Domain", "Exercicie2\Git.Domain\Git.Domain.csproj", "{CC6E6F49-3D7A-4587-A95F-E34C6A0C96B7}"
EndProject
Project("{9A19103F-16F7-4668-BE54-9A1E7A4F7556}") = "Git", "Exercicie2\Git\Git.csproj", "{D27B7568-2492-4A22-A7DB-E2FE0FB508C8}"
EndProject
Project("{FAE04EC0-301F-11D3-BF4B-00C04F79EFBC}") = "Git.Tests", "Exercicie2\Git.Tests\Git.Tests.csproj", "{C41CC665-14C1-4A15-9F9E-3455FB301215}"
EndProject
Global
	GlobalSection(SolutionConfigurationPlatforms) = preSolution
		Debug|Any CPU = Debug|Any CPU
		Release|Any CPU = Release|Any CPU
	EndGlobalSection
	GlobalSection(ProjectConfigurationPlatforms) = postSolution
		{A3D74B21-CC84-460B-B12E-E89A82E33F8E}.Debug|Any CPU.ActiveCfg = Debug|Any CPU
		{A3D74B21-CC84-460B-B12E-E89A82E33F8E}.Debug|Any CPU.Build.0 = Debug|Any CPU
		{A3D74B21-CC84-460B-B12E-E89A82E33F8E}.Release|Any CPU.ActiveCfg = Release|Any CPU
		{A3D74B21-CC84-460B-B12E-E89A82E33F8E}.Release|Any CPU.Build.0 = Release|Any CPU
		{31C20767-D975-4286-A39F-FE4E2D9E4132}.Debug|Any CPU.ActiveCfg = Debug|Any CPU
		{31C20767-D975-4286-A39F-FE4E2D9E4132}.Debug|Any CPU.Build.0 = Debug|Any CPU
		{31C20767-D975-4286-A39F-FE4E2D9E4132}.Release|Any CPU.ActiveCfg = Release|Any CPU
		{31C20767-D975-4286-A39F-FE4E2D9E4132}.Release|Any CPU.Build.0 = Release|Any CPU
		{CC6E6F49-3D7A-4587-A95F-E34C6A0C96B7}.Debug|Any CPU.ActiveCfg = Debug|Any CPU
		{CC6E6F49-3D7A-4587-A95F-E34C6A0C96B7}.Debug|Any CPU.Build.0 = Debug|Any CPU
		{CC6E6F49-3D7A-4587-A95F-E34C6A0C96B7}.Release|Any CPU.ActiveCfg = Release|Any CPU
		{CC6E6F49-3D7A-4587-A95F-E34C6A0C96B7}.Release|Any CPU.Build.0 = Release|Any CPU
		{D27B7568-2492-4A22-A7DB-E2FE0FB508C8}.Debug|Any CPU.ActiveCfg = Debug|Any CPU
		{D27B7568-2492-4A22-A7DB-E2FE0FB508C8}.Debug|Any CPU.Build.0 = Debug|Any CPU
		{D27B7568-2492-4A22-A7DB-E2FE0FB508C8}.Release|Any CPU.ActiveCfg = Release|Any CPU
		{D27B7568-2492-4A22-A7DB-E2FE0FB508C8}.Release|Any CPU.Build.0 = Release|Any CPU
		{C41CC665-14C1-4A15-9F9E-3455FB301215}.Debug|Any CPU.ActiveCfg = Debug|Any CPU
		{C41CC665-14C1-4A15-9F9E-3455FB301215}.Debug|Any CPU.Build.0 = Debug|Any CPU
		{C41CC665-14C1-4A15-9F9E-3455FB301215}.Release|Any CPU.ActiveCfg = Release|Any CPU
		{C41CC665-14C1-4A15-9F9E-3455FB301215}.Release|Any CPU.Build.0 = Release|Any CPU
	EndGlobalSection
	GlobalSection(SolutionProperties) = preSolution
		HideSolutionNode = FALSE
	EndGlobalSection
	GlobalSection(NestedProjects) = preSolution
		{A3D74B21-CC84-460B-B12E-E89A82E33F8E} = {EB555ECE-28F9-458B-A301-FB87E23E5914}
		{31C20767-D975-4286-A39F-FE4E2D9E4132} = {A05EDBC6-7AA6-41DB-8A0C-8D4C2207BC8F}
		{CC6E6F49-3D7A-4587-A95F-E34C6A0C96B7} = {A05EDBC6-7AA6-41DB-8A0C-8D4C2207BC8F}
		{D27B7568-2492-4A22-A7DB-E2FE0FB508C8} = {A05EDBC6-7AA6-41DB-8A0C-8D4C2207BC8F}
		{C41CC665-14C1-4A15-9F9E-3455FB301215} = {A05EDBC6-7AA6-41DB-8A0C-8D4C2207BC8F}
	EndGlobalSection
	GlobalSection(ExtensibilityGlobals) = postSolution
		SolutionGuid = {A95D3500-5FC7-4651-AA83-9B84C189A798}
	EndGlobalSection
EndGlobal
