
Microsoft Visual Studio Solution File, Format Version 12.00
# Visual Studio 15
VisualStudioVersion = 15.0.27004.2002
MinimumVisualStudioVersion = 10.0.40219.1
Project("{FAE04EC0-301F-11D3-BF4B-00C04F79EFBC}") = "Exercicie1", "Exercicie1\Exercicie1.csproj", "{A3D74B21-CC84-460B-B12E-E89A82E33F8E}"
EndProject
Project("{2150E333-8FDC-42A3-9474-1A3956D46DE8}") = "LINQ", "LINQ", "{EB555ECE-28F9-458B-A301-FB87E23E5914}"
EndProject
Project("{2150E333-8FDC-42A3-9474-1A3956D46DE8}") = "GitAPI", "GitAPI", "{A05EDBC6-7AA6-41DB-8A0C-8D4C2207BC8F}"
EndProject
Project("{FAE04EC0-301F-11D3-BF4B-00C04F79EFBC}") = "Git.Domain", "Git.Domain\Git.Domain.csproj", "{3546B49B-05FC-4AE4-A11E-2938E72315F3}"
EndProject
Project("{FAE04EC0-301F-11D3-BF4B-00C04F79EFBC}") = "Git.Infrastructure", "Git.Infrastructure\Git.Infrastructure.csproj", "{CE07BDCF-B66D-44DE-88D4-3A16C461D0FD}"
EndProject
Project("{FAE04EC0-301F-11D3-BF4B-00C04F79EFBC}") = "Git", "Git\Git.csproj", "{481DE473-8314-425B-B3CD-C57D09D5C056}"
EndProject
Global
	GlobalSection(SolutionConfigurationPlatforms) = preSolution
		Debug|Any CPU = Debug|Any CPU
		Release|Any CPU = Release|Any CPU
	EndGlobalSection
	GlobalSection(ProjectConfigurationPlatforms) = postSolution
		{A3D74B21-CC84-460B-B12E-E89A82E33F8E}.Debug|Any CPU.ActiveCfg = Debug|Any CPU
		{A3D74B21-CC84-460B-B12E-E89A82E33F8E}.Debug|Any CPU.Build.0 = Debug|Any CPU
		{A3D74B21-CC84-460B-B12E-E89A82E33F8E}.Release|Any CPU.ActiveCfg = Release|Any CPU
		{A3D74B21-CC84-460B-B12E-E89A82E33F8E}.Release|Any CPU.Build.0 = Release|Any CPU
		{3546B49B-05FC-4AE4-A11E-2938E72315F3}.Debug|Any CPU.ActiveCfg = Debug|Any CPU
		{3546B49B-05FC-4AE4-A11E-2938E72315F3}.Debug|Any CPU.Build.0 = Debug|Any CPU
		{3546B49B-05FC-4AE4-A11E-2938E72315F3}.Release|Any CPU.ActiveCfg = Release|Any CPU
		{3546B49B-05FC-4AE4-A11E-2938E72315F3}.Release|Any CPU.Build.0 = Release|Any CPU
		{CE07BDCF-B66D-44DE-88D4-3A16C461D0FD}.Debug|Any CPU.ActiveCfg = Debug|Any CPU
		{CE07BDCF-B66D-44DE-88D4-3A16C461D0FD}.Debug|Any CPU.Build.0 = Debug|Any CPU
		{CE07BDCF-B66D-44DE-88D4-3A16C461D0FD}.Release|Any CPU.ActiveCfg = Release|Any CPU
		{CE07BDCF-B66D-44DE-88D4-3A16C461D0FD}.Release|Any CPU.Build.0 = Release|Any CPU
		{481DE473-8314-425B-B3CD-C57D09D5C056}.Debug|Any CPU.ActiveCfg = Debug|Any CPU
		{481DE473-8314-425B-B3CD-C57D09D5C056}.Debug|Any CPU.Build.0 = Debug|Any CPU
		{481DE473-8314-425B-B3CD-C57D09D5C056}.Release|Any CPU.ActiveCfg = Release|Any CPU
		{481DE473-8314-425B-B3CD-C57D09D5C056}.Release|Any CPU.Build.0 = Release|Any CPU
	EndGlobalSection
	GlobalSection(SolutionProperties) = preSolution
		HideSolutionNode = FALSE
	EndGlobalSection
	GlobalSection(NestedProjects) = preSolution
		{A3D74B21-CC84-460B-B12E-E89A82E33F8E} = {EB555ECE-28F9-458B-A301-FB87E23E5914}
		{3546B49B-05FC-4AE4-A11E-2938E72315F3} = {A05EDBC6-7AA6-41DB-8A0C-8D4C2207BC8F}
		{CE07BDCF-B66D-44DE-88D4-3A16C461D0FD} = {A05EDBC6-7AA6-41DB-8A0C-8D4C2207BC8F}
		{481DE473-8314-425B-B3CD-C57D09D5C056} = {A05EDBC6-7AA6-41DB-8A0C-8D4C2207BC8F}
	EndGlobalSection
	GlobalSection(ExtensibilityGlobals) = postSolution
		SolutionGuid = {A95D3500-5FC7-4651-AA83-9B84C189A798}
	EndGlobalSection
EndGlobal
